
Microsoft Visual Studio Solution File, Format Version 12.00
# Visual Studio Version 16
VisualStudioVersion = 16.0.29613.14
MinimumVisualStudioVersion = 10.0.40219.1
Project("{FAE04EC0-301F-11D3-BF4B-00C04F79EFBC}") = "Assignment", "Assignment\Assignment.csproj", "{FCEE4B08-B56E-40CD-AB7B-E2C4ABFAC131}"
EndProject
Global
	GlobalSection(SolutionConfigurationPlatforms) = preSolution
		Debug|Any CPU = Debug|Any CPU
		Release|Any CPU = Release|Any CPU
	EndGlobalSection
	GlobalSection(ProjectConfigurationPlatforms) = postSolution
		{FCEE4B08-B56E-40CD-AB7B-E2C4ABFAC131}.Debug|Any CPU.ActiveCfg = Debug|Any CPU
		{FCEE4B08-B56E-40CD-AB7B-E2C4ABFAC131}.Debug|Any CPU.Build.0 = Debug|Any CPU
		{FCEE4B08-B56E-40CD-AB7B-E2C4ABFAC131}.Release|Any CPU.ActiveCfg = Release|Any CPU
		{FCEE4B08-B56E-40CD-AB7B-E2C4ABFAC131}.Release|Any CPU.Build.0 = Release|Any CPU
	EndGlobalSection
	GlobalSection(SolutionProperties) = preSolution
		HideSolutionNode = FALSE
	EndGlobalSection
	GlobalSection(ExtensibilityGlobals) = postSolution
		SolutionGuid = {4D6D8069-BCA0-4D25-8447-002BEB70B3D8}
	EndGlobalSection
EndGlobal
